
Microsoft Visual Studio Solution File, Format Version 12.00
# Visual Studio 15
VisualStudioVersion = 15.0.28010.2003
MinimumVisualStudioVersion = 10.0.40219.1
Project("{9A19103F-16F7-4668-BE54-9A1E7A4F7556}") = "Rehber.Data", "Rehber.Data\Rehber.Data.csproj", "{95D46BF6-DD5B-4D09-BA1C-20257183ED8A}"
EndProject
Project("{9A19103F-16F7-4668-BE54-9A1E7A4F7556}") = "Rehber.Model", "Rehber.Model\Rehber.Model.csproj", "{07B978D1-889A-4D0D-B177-827CFB9ECFF6}"
EndProject
Project("{2150E333-8FDC-42A3-9474-1A3956D46DE8}") = "Services", "Services", "{CD5C1043-2B08-45BE-9DB5-37A63C2F5962}"
EndProject
Project("{9A19103F-16F7-4668-BE54-9A1E7A4F7556}") = "Rehber.Services.UsersApi", "Rehber.Services.Users\Rehber.Services.UsersApi.csproj", "{8DF6FA1C-0707-4520-815D-36A58EBDEF9E}"
EndProject
Project("{9A19103F-16F7-4668-BE54-9A1E7A4F7556}") = "Rehber.Services.Elasticsearch", "Rehber.Services.Elasticsearch\Rehber.Services.Elasticsearch.csproj", "{0984703A-C671-4A8C-92AC-0E4AF0664CDF}"
EndProject
Project("{9A19103F-16F7-4668-BE54-9A1E7A4F7556}") = "Rehber.Services.UnitsApi", "Rehber.Services.Units\Rehber.Services.UnitsApi.csproj", "{71A1531A-3D69-4C52-BCA3-935C0F88DD6D}"
EndProject
Project("{9A19103F-16F7-4668-BE54-9A1E7A4F7556}") = "Rehber.Services.ImagesApi", "Rehber.Services.Images\Rehber.Services.ImagesApi.csproj", "{B19A7E58-47DB-4FB9-B1A7-A4ED6505185D}"
EndProject
Project("{9A19103F-16F7-4668-BE54-9A1E7A4F7556}") = "Rehber.WebApps.Admin", "Rehber.Admin\Rehber.WebApps.Admin.csproj", "{8BA8B54D-1BB7-4439-817A-E1E730D6F0C4}"
EndProject
Global
	GlobalSection(SolutionConfigurationPlatforms) = preSolution
		Debug|Any CPU = Debug|Any CPU
		Release|Any CPU = Release|Any CPU
	EndGlobalSection
	GlobalSection(ProjectConfigurationPlatforms) = postSolution
		{95D46BF6-DD5B-4D09-BA1C-20257183ED8A}.Debug|Any CPU.ActiveCfg = Debug|Any CPU
		{95D46BF6-DD5B-4D09-BA1C-20257183ED8A}.Debug|Any CPU.Build.0 = Debug|Any CPU
		{95D46BF6-DD5B-4D09-BA1C-20257183ED8A}.Release|Any CPU.ActiveCfg = Release|Any CPU
		{95D46BF6-DD5B-4D09-BA1C-20257183ED8A}.Release|Any CPU.Build.0 = Release|Any CPU
		{07B978D1-889A-4D0D-B177-827CFB9ECFF6}.Debug|Any CPU.ActiveCfg = Debug|Any CPU
		{07B978D1-889A-4D0D-B177-827CFB9ECFF6}.Debug|Any CPU.Build.0 = Debug|Any CPU
		{07B978D1-889A-4D0D-B177-827CFB9ECFF6}.Release|Any CPU.ActiveCfg = Release|Any CPU
		{07B978D1-889A-4D0D-B177-827CFB9ECFF6}.Release|Any CPU.Build.0 = Release|Any CPU
		{8DF6FA1C-0707-4520-815D-36A58EBDEF9E}.Debug|Any CPU.ActiveCfg = Debug|Any CPU
		{8DF6FA1C-0707-4520-815D-36A58EBDEF9E}.Debug|Any CPU.Build.0 = Debug|Any CPU
		{8DF6FA1C-0707-4520-815D-36A58EBDEF9E}.Release|Any CPU.ActiveCfg = Release|Any CPU
		{8DF6FA1C-0707-4520-815D-36A58EBDEF9E}.Release|Any CPU.Build.0 = Release|Any CPU
		{0984703A-C671-4A8C-92AC-0E4AF0664CDF}.Debug|Any CPU.ActiveCfg = Debug|Any CPU
		{0984703A-C671-4A8C-92AC-0E4AF0664CDF}.Debug|Any CPU.Build.0 = Debug|Any CPU
		{0984703A-C671-4A8C-92AC-0E4AF0664CDF}.Release|Any CPU.ActiveCfg = Release|Any CPU
		{0984703A-C671-4A8C-92AC-0E4AF0664CDF}.Release|Any CPU.Build.0 = Release|Any CPU
		{71A1531A-3D69-4C52-BCA3-935C0F88DD6D}.Debug|Any CPU.ActiveCfg = Debug|Any CPU
		{71A1531A-3D69-4C52-BCA3-935C0F88DD6D}.Debug|Any CPU.Build.0 = Debug|Any CPU
		{71A1531A-3D69-4C52-BCA3-935C0F88DD6D}.Release|Any CPU.ActiveCfg = Release|Any CPU
		{71A1531A-3D69-4C52-BCA3-935C0F88DD6D}.Release|Any CPU.Build.0 = Release|Any CPU
		{B19A7E58-47DB-4FB9-B1A7-A4ED6505185D}.Debug|Any CPU.ActiveCfg = Debug|Any CPU
		{B19A7E58-47DB-4FB9-B1A7-A4ED6505185D}.Debug|Any CPU.Build.0 = Debug|Any CPU
		{B19A7E58-47DB-4FB9-B1A7-A4ED6505185D}.Release|Any CPU.ActiveCfg = Release|Any CPU
		{B19A7E58-47DB-4FB9-B1A7-A4ED6505185D}.Release|Any CPU.Build.0 = Release|Any CPU
		{8BA8B54D-1BB7-4439-817A-E1E730D6F0C4}.Debug|Any CPU.ActiveCfg = Debug|Any CPU
		{8BA8B54D-1BB7-4439-817A-E1E730D6F0C4}.Debug|Any CPU.Build.0 = Debug|Any CPU
		{8BA8B54D-1BB7-4439-817A-E1E730D6F0C4}.Release|Any CPU.ActiveCfg = Release|Any CPU
		{8BA8B54D-1BB7-4439-817A-E1E730D6F0C4}.Release|Any CPU.Build.0 = Release|Any CPU
	EndGlobalSection
	GlobalSection(SolutionProperties) = preSolution
		HideSolutionNode = FALSE
	EndGlobalSection
	GlobalSection(NestedProjects) = preSolution
		{8DF6FA1C-0707-4520-815D-36A58EBDEF9E} = {CD5C1043-2B08-45BE-9DB5-37A63C2F5962}
		{0984703A-C671-4A8C-92AC-0E4AF0664CDF} = {CD5C1043-2B08-45BE-9DB5-37A63C2F5962}
		{71A1531A-3D69-4C52-BCA3-935C0F88DD6D} = {CD5C1043-2B08-45BE-9DB5-37A63C2F5962}
		{B19A7E58-47DB-4FB9-B1A7-A4ED6505185D} = {CD5C1043-2B08-45BE-9DB5-37A63C2F5962}
	EndGlobalSection
	GlobalSection(ExtensibilityGlobals) = postSolution
		SolutionGuid = {BFF12E07-8177-49C8-918B-C3BD8B4926BB}
	EndGlobalSection
EndGlobal
